
Microsoft Visual Studio Solution File, Format Version 12.00
# Visual Studio 2013
VisualStudioVersion = 12.0.31101.0
MinimumVisualStudioVersion = 10.0.40219.1
Project("{FAE04EC0-301F-11D3-BF4B-00C04F79EFBC}") = "OctopusPuppet", "OctopusPuppet\OctopusPuppet.csproj", "{138A170B-2FBA-434B-83BB-704667D9A289}"
EndProject
Project("{FAE04EC0-301F-11D3-BF4B-00C04F79EFBC}") = "OctopusPuppet.Tests", "OctopusPuppet.Tests\OctopusPuppet.Tests.csproj", "{02C3A481-41F2-40F4-AA59-192680A4020A}"
EndProject
Project("{FAE04EC0-301F-11D3-BF4B-00C04F79EFBC}") = "OctopusPuppet.IntegrationTests", "OctopusPuppet.IntegrationTests\OctopusPuppet.IntegrationTests.csproj", "{4E86A56A-61A9-4906-A66C-130DFB2CB75D}"
EndProject
Project("{FAE04EC0-301F-11D3-BF4B-00C04F79EFBC}") = "OctopusPuppet.OctopusProvider", "OctopusPuppet.OctopusProvider\OctopusPuppet.OctopusProvider.csproj", "{17D4DBD0-94B3-49B0-81F9-C0A93B91EEE8}"
EndProject
Global
	GlobalSection(SolutionConfigurationPlatforms) = preSolution
		Debug|Any CPU = Debug|Any CPU
		Release|Any CPU = Release|Any CPU
	EndGlobalSection
	GlobalSection(ProjectConfigurationPlatforms) = postSolution
		{138A170B-2FBA-434B-83BB-704667D9A289}.Debug|Any CPU.ActiveCfg = Debug|Any CPU
		{138A170B-2FBA-434B-83BB-704667D9A289}.Debug|Any CPU.Build.0 = Debug|Any CPU
		{138A170B-2FBA-434B-83BB-704667D9A289}.Release|Any CPU.ActiveCfg = Release|Any CPU
		{138A170B-2FBA-434B-83BB-704667D9A289}.Release|Any CPU.Build.0 = Release|Any CPU
		{02C3A481-41F2-40F4-AA59-192680A4020A}.Debug|Any CPU.ActiveCfg = Debug|Any CPU
		{02C3A481-41F2-40F4-AA59-192680A4020A}.Debug|Any CPU.Build.0 = Debug|Any CPU
		{02C3A481-41F2-40F4-AA59-192680A4020A}.Release|Any CPU.ActiveCfg = Release|Any CPU
		{02C3A481-41F2-40F4-AA59-192680A4020A}.Release|Any CPU.Build.0 = Release|Any CPU
		{4E86A56A-61A9-4906-A66C-130DFB2CB75D}.Debug|Any CPU.ActiveCfg = Debug|Any CPU
		{4E86A56A-61A9-4906-A66C-130DFB2CB75D}.Debug|Any CPU.Build.0 = Debug|Any CPU
		{4E86A56A-61A9-4906-A66C-130DFB2CB75D}.Release|Any CPU.ActiveCfg = Release|Any CPU
		{4E86A56A-61A9-4906-A66C-130DFB2CB75D}.Release|Any CPU.Build.0 = Release|Any CPU
		{17D4DBD0-94B3-49B0-81F9-C0A93B91EEE8}.Debug|Any CPU.ActiveCfg = Debug|Any CPU
		{17D4DBD0-94B3-49B0-81F9-C0A93B91EEE8}.Debug|Any CPU.Build.0 = Debug|Any CPU
		{17D4DBD0-94B3-49B0-81F9-C0A93B91EEE8}.Release|Any CPU.ActiveCfg = Release|Any CPU
		{17D4DBD0-94B3-49B0-81F9-C0A93B91EEE8}.Release|Any CPU.Build.0 = Release|Any CPU
	EndGlobalSection
	GlobalSection(SolutionProperties) = preSolution
		HideSolutionNode = FALSE
	EndGlobalSection
EndGlobal
